
Microsoft Visual Studio Solution File, Format Version 11.00
# Visual Studio 2010
Project("{FAE04EC0-301F-11D3-BF4B-00C04F79EFBC}") = "Assembly-CSharp", "Assembly-CSharp.csproj", "{4EECDF02-A2E7-990C-41AF-0F7311AD2DC6}"
EndProject
Project("{FAE04EC0-301F-11D3-BF4B-00C04F79EFBC}") = "Assembly-CSharp-Editor", "Assembly-CSharp-Editor.csproj", "{94FF7A21-02EE-0054-C030-71B09CBAA5D7}"
EndProject
Global
	GlobalSection(SolutionConfigurationPlatforms) = preSolution
		Debug|Any CPU = Debug|Any CPU
		Release|Any CPU = Release|Any CPU
	EndGlobalSection
	GlobalSection(ProjectConfigurationPlatforms) = postSolution
		{4EECDF02-A2E7-990C-41AF-0F7311AD2DC6}.Debug|Any CPU.ActiveCfg = Debug|Any CPU
		{4EECDF02-A2E7-990C-41AF-0F7311AD2DC6}.Debug|Any CPU.Build.0 = Debug|Any CPU
		{4EECDF02-A2E7-990C-41AF-0F7311AD2DC6}.Release|Any CPU.ActiveCfg = Release|Any CPU
		{4EECDF02-A2E7-990C-41AF-0F7311AD2DC6}.Release|Any CPU.Build.0 = Release|Any CPU
		{94FF7A21-02EE-0054-C030-71B09CBAA5D7}.Debug|Any CPU.ActiveCfg = Debug|Any CPU
		{94FF7A21-02EE-0054-C030-71B09CBAA5D7}.Debug|Any CPU.Build.0 = Debug|Any CPU
		{94FF7A21-02EE-0054-C030-71B09CBAA5D7}.Release|Any CPU.ActiveCfg = Release|Any CPU
		{94FF7A21-02EE-0054-C030-71B09CBAA5D7}.Release|Any CPU.Build.0 = Release|Any CPU
	EndGlobalSection
	GlobalSection(SolutionProperties) = preSolution
		HideSolutionNode = FALSE
	EndGlobalSection
	GlobalSection(MonoDevelopProperties) = preSolution
		StartupItem = Assembly-CSharp.csproj
	EndGlobalSection
EndGlobal
